
Microsoft Visual Studio Solution File, Format Version 12.00
# Visual Studio 15
VisualStudioVersion = 15.0.27703.2000
MinimumVisualStudioVersion = 10.0.40219.1
Project("{8BC9CEB8-8B4A-11D0-8D11-00A0C91BC942}") = "HuffmanTree", "HuffmanTree\HuffmanTree.vcxproj", "{56441147-9B19-4825-8F77-497A0CF70E0B}"
EndProject
Global
	GlobalSection(SolutionConfigurationPlatforms) = preSolution
		Debug|x64 = Debug|x64
		Debug|x86 = Debug|x86
		Release|x64 = Release|x64
		Release|x86 = Release|x86
	EndGlobalSection
	GlobalSection(ProjectConfigurationPlatforms) = postSolution
		{56441147-9B19-4825-8F77-497A0CF70E0B}.Debug|x64.ActiveCfg = Debug|x64
		{56441147-9B19-4825-8F77-497A0CF70E0B}.Debug|x64.Build.0 = Debug|x64
		{56441147-9B19-4825-8F77-497A0CF70E0B}.Debug|x86.ActiveCfg = Debug|Win32
		{56441147-9B19-4825-8F77-497A0CF70E0B}.Debug|x86.Build.0 = Debug|Win32
		{56441147-9B19-4825-8F77-497A0CF70E0B}.Release|x64.ActiveCfg = Release|x64
		{56441147-9B19-4825-8F77-497A0CF70E0B}.Release|x64.Build.0 = Release|x64
		{56441147-9B19-4825-8F77-497A0CF70E0B}.Release|x86.ActiveCfg = Release|Win32
		{56441147-9B19-4825-8F77-497A0CF70E0B}.Release|x86.Build.0 = Release|Win32
	EndGlobalSection
	GlobalSection(SolutionProperties) = preSolution
		HideSolutionNode = FALSE
	EndGlobalSection
	GlobalSection(ExtensibilityGlobals) = postSolution
		SolutionGuid = {F7D70160-6655-47FC-9F75-3BA0FF1988BA}
	EndGlobalSection
EndGlobal
